
Microsoft Visual Studio Solution File, Format Version 12.00
# Visual Studio 15
VisualStudioVersion = 15.0.33919.361
MinimumVisualStudioVersion = 10.0.40219.1
Project("{D2ABAB84-BF74-430A-B69E-9DC6D40DDA17}") = "project1", "project1\project1.dwproj", "{40B9960C-D0EF-4BAF-85F4-553A1A21D0E4}"
EndProject
Global
	GlobalSection(SolutionConfigurationPlatforms) = preSolution
		Development|Default = Development|Default
	EndGlobalSection
	GlobalSection(ProjectConfigurationPlatforms) = postSolution
		{40B9960C-D0EF-4BAF-85F4-553A1A21D0E4}.Development|Default.ActiveCfg = Development
		{40B9960C-D0EF-4BAF-85F4-553A1A21D0E4}.Development|Default.Build.0 = Development
		{40B9960C-D0EF-4BAF-85F4-553A1A21D0E4}.Development|Default.Deploy.0 = Development
	EndGlobalSection
	GlobalSection(SolutionProperties) = preSolution
		HideSolutionNode = FALSE
	EndGlobalSection
	GlobalSection(ExtensibilityGlobals) = postSolution
		SolutionGuid = {C5F586F8-769E-401D-A93F-4555A69C8252}
	EndGlobalSection
EndGlobal
